// !$*UTF8*$!
{
	archiveVersion = 1;
	classes = {
	};
	objectVersion = 50;
	objects = {

/* Begin PBXBuildFile section */
		B6DFE1832719BA8A005EA20C /* JobWellDoneApp.swift in Sources */ = {isa = PBXBuildFile; fileRef = B6DFE1822719BA8A005EA20C /* JobWellDoneApp.swift */; };
		B6DFE1852719BA8A005EA20C /* ContentView.swift in Sources */ = {isa = PBXBuildFile; fileRef = B6DFE1842719BA8A005EA20C /* ContentView.swift */; };
		B6DFE1872719BA98005EA20C /* Assets.xcassets in Resources */ = {isa = PBXBuildFile; fileRef = B6DFE1862719BA98005EA20C /* Assets.xcassets */; };
		B6DFE18A2719BA98005EA20C /* Preview Assets.xcassets in Resources */ = {isa = PBXBuildFile; fileRef = B6DFE1892719BA98005EA20C /* Preview Assets.xcassets */; };
		B6DFE199271D43DF005EA20C /* Cell.swift in Sources */ = {isa = PBXBuildFile; fileRef = B6DFE198271D43DF005EA20C /* Cell.swift */; };
/* End PBXBuildFile section */

/* Begin PBXFileReference section */
		B6DFE17F2719BA8A005EA20C /* JobWellDone.app */ = {isa = PBXFileReference; explicitFileType = wrapper.application; includeInIndex = 0; path = JobWellDone.app; sourceTree = BUILT_PRODUCTS_DIR; };
		B6DFE1822719BA8A005EA20C /* JobWellDoneApp.swift */ = {isa = PBXFileReference; lastKnownFileType = sourcecode.swift; path = JobWellDoneApp.swift; sourceTree = "<group>"; };
		B6DFE1842719BA8A005EA20C /* ContentView.swift */ = {isa = PBXFileReference; lastKnownFileType = sourcecode.swift; path = ContentView.swift; sourceTree = "<group>"; };
		B6DFE1862719BA98005EA20C /* Assets.xcassets */ = {isa = PBXFileReference; lastKnownFileType = folder.assetcatalog; path = Assets.xcassets; sourceTree = "<group>"; };
		B6DFE1892719BA98005EA20C /* Preview Assets.xcassets */ = {isa = PBXFileReference; lastKnownFileType = folder.assetcatalog; path = "Preview Assets.xcassets"; sourceTree = "<group>"; };
		B6DFE18B2719BA98005EA20C /* Info.plist */ = {isa = PBXFileReference; lastKnownFileType = text.plist.xml; path = Info.plist; sourceTree = "<group>"; };
		B6DFE198271D43DF005EA20C /* Cell.swift */ = {isa = PBXFileReference; lastKnownFileType = sourcecode.swift; path = Cell.swift; sourceTree = "<group>"; };
/* End PBXFileReference section */

/* Begin PBXFrameworksBuildPhase section */
		B6DFE17C2719BA8A005EA20C /* Frameworks */ = {
			isa = PBXFrameworksBuildPhase;
			buildActionMask = 2147483647;
			files = (
			);
			runOnlyForDeploymentPostprocessing = 0;
		};
/* End PBXFrameworksBuildPhase section */

/* Begin PBXGroup section */
		B6DFE1762719BA8A005EA20C = {
			isa = PBXGroup;
			children = (
				B6DFE1812719BA8A005EA20C /* JobWellDone */,
				B6DFE1802719BA8A005EA20C /* Products */,
			);
			sourceTree = "<group>";
		};
		B6DFE1802719BA8A005EA20C /* Products */ = {
			isa = PBXGroup;
			children = (
				B6DFE17F2719BA8A005EA20C /* JobWellDone.app */,
			);
			name = Products;
			sourceTree = "<group>";
		};
		B6DFE1812719BA8A005EA20C /* JobWellDone */ = {
			isa = PBXGroup;
			children = (
				B6DFE1822719BA8A005EA20C /* JobWellDoneApp.swift */,
				B6DFE1842719BA8A005EA20C /* ContentView.swift */,
				B6DFE1862719BA98005EA20C /* Assets.xcassets */,
				B6DFE18B2719BA98005EA20C /* Info.plist */,
				B6DFE1882719BA98005EA20C /* Preview Content */,
				B6DFE198271D43DF005EA20C /* Cell.swift */,
			);
			path = JobWellDone;
			sourceTree = "<group>";
		};
		B6DFE1882719BA98005EA20C /* Preview Content */ = {
			isa = PBXGroup;
			children = (
				B6DFE1892719BA98005EA20C /* Preview Assets.xcassets */,
			);
			path = "Preview Content";
			sourceTree = "<group>";
		};
/* End PBXGroup section */

/* Begin PBXNativeTarget section */
		B6DFE17E2719BA8A005EA20C /* JobWellDone */ = {
			isa = PBXNativeTarget;
			buildConfigurationList = B6DFE18E2719BA98005EA20C /* Build configuration list for PBXNativeTarget "JobWellDone" */;
			buildPhases = (
				B6DFE17B2719BA8A005EA20C /* Sources */,
				B6DFE17C2719BA8A005EA20C /* Frameworks */,
				B6DFE17D2719BA8A005EA20C /* Resources */,
			);
			buildRules = (
			);
			dependencies = (
			);
			name = JobWellDone;
			productName = JobWellDone;
			productReference = B6DFE17F2719BA8A005EA20C /* JobWellDone.app */;
			productType = "com.apple.product-type.application";
		};
/* End PBXNativeTarget section */

/* Begin PBXProject section */
		B6DFE1772719BA8A005EA20C /* Project object */ = {
			isa = PBXProject;
			attributes = {
				LastSwiftUpdateCheck = 1240;
				LastUpgradeCheck = 1240;
				TargetAttributes = {
					B6DFE17E2719BA8A005EA20C = {
						CreatedOnToolsVersion = 12.4;
					};
				};
			};
			buildConfigurationList = B6DFE17A2719BA8A005EA20C /* Build configuration list for PBXProject "JobWellDone" */;
			compatibilityVersion = "Xcode 9.3";
			developmentRegion = en;
			hasScannedForEncodings = 0;
			knownRegions = (
				en,
				Base,
			);
			mainGroup = B6DFE1762719BA8A005EA20C;
			productRefGroup = B6DFE1802719BA8A005EA20C /* Products */;
			projectDirPath = "";
			projectRoot = "";
			targets = (
				B6DFE17E2719BA8A005EA20C /* JobWellDone */,
			);
		};
/* End PBXProject section */

/* Begin PBXResourcesBuildPhase section */
		B6DFE17D2719BA8A005EA20C /* Resources */ = {
			isa = PBXResourcesBuildPhase;
			buildActionMask = 2147483647;
			files = (
				B6DFE18A2719BA98005EA20C /* Preview Assets.xcassets in Resources */,
				B6DFE1872719BA98005EA20C /* Assets.xcassets in Resources */,
			);
			runOnlyForDeploymentPostprocessing = 0;
		};
/* End PBXResourcesBuildPhase section */

/* Begin PBXSourcesBuildPhase section */
		B6DFE17B2719BA8A005EA20C /* Sources */ = {
			isa = PBXSourcesBuildPhase;
			buildActionMask = 2147483647;
			files = (
				B6DFE1852719BA8A005EA20C /* ContentView.swift in Sources */,
				B6DFE1832719BA8A005EA20C /* JobWellDoneApp.swift in Sources */,
				B6DFE199271D43DF005EA20C /* Cell.swift in Sources */,
			);
			runOnlyForDeploymentPostprocessing = 0;
		};
/* End PBXSourcesBuildPhase section */

/* Begin XCBuildConfiguration section */
		B6DFE18C2719BA98005EA20C /* Debug */ = {
			isa = XCBuildConfiguration;
			buildSettings = {
				ALWAYS_SEARCH_USER_PATHS = NO;
				CLANG_ANALYZER_NONNULL = YES;
				CLANG_ANALYZER_NUMBER_OBJECT_CONVERSION = YES_AGGRESSIVE;
				CLANG_CXX_LANGUAGE_STANDARD = "gnu++14";
				CLANG_CXX_LIBRARY = "libc++";
				CLANG_ENABLE_MODULES = YES;
				CLANG_ENABLE_OBJC_ARC = YES;
				CLANG_ENABLE_OBJC_WEAK = YES;
				CLANG_WARN_BLOCK_CAPTURE_AUTORELEASING = YES;
				CLANG_WARN_BOOL_CONVERSION = YES;
				CLANG_WARN_COMMA = YES;
				CLANG_WARN_CONSTANT_CONVERSION = YES;
				CLANG_WARN_DEPRECATED_OBJC_IMPLEMENTATIONS = YES;
				CLANG_WARN_DIRECT_OBJC_ISA_USAGE = YES_ERROR;
				CLANG_WARN_DOCUMENTATION_COMMENTS = YES;
				CLANG_WARN_EMPTY_BODY = YES;
				CLANG_WARN_ENUM_CONVERSION = YES;
				CLANG_WARN_INFINITE_RECURSION = YES;
				CLANG_WARN_INT_CONVERSION = YES;
				CLANG_WARN_NON_LITERAL_NULL_CONVERSION = YES;
				CLANG_WARN_OBJC_IMPLICIT_RETAIN_SELF = YES;
				CLANG_WARN_OBJC_LITERAL_CONVERSION = YES;
				CLANG_WARN_OBJC_ROOT_CLASS = YES_ERROR;
				CLANG_WARN_QUOTED_INCLUDE_IN_FRAMEWORK_HEADER = YES;
				CLANG_WARN_RANGE_LOOP_ANALYSIS = YES;
				CLANG_WARN_STRICT_PROTOTYPES = YES;
				CLANG_WARN_SUSPICIOUS_MOVE = YES;
				CLANG_WARN_UNGUARDED_AVAILABILITY = YES_AGGRESSIVE;
				CLANG_WARN_UNREACHABLE_CODE = YES;
				CLANG_WARN__DUPLICATE_METHOD_MATCH = YES;
				COPY_PHASE_STRIP = NO;
				DEBUG_INFORMATION_FORMAT = dwarf;
				ENABLE_STRICT_OBJC_MSGSEND = YES;
				ENABLE_TESTABILITY = YES;
				GCC_C_LANGUAGE_STANDARD = gnu11;
				GCC_DYNAMIC_NO_PIC = NO;
				GCC_NO_COMMON_BLOCKS = YES;
				GCC_OPTIMIZATION_LEVEL = 0;
				GCC_PREPROCESSOR_DEFINITIONS = (
					"DEBUG=1",
					"$(inherited)",
				);
				GCC_WARN_64_TO_32_BIT_CONVERSION = YES;
				GCC_WARN_ABOUT_RETURN_TYPE = YES_ERROR;
				GCC_WARN_UNDECLARED_SELECTOR = YES;
				GCC_WARN_UNINITIALIZED_AUTOS = YES_AGGRESSIVE;
				GCC_WARN_UNUSED_FUNCTION = YES;
				GCC_WARN_UNUSED_VARIABLE = YES;
				IPHONEOS_DEPLOYMENT_TARGET = 14.4;
				MTL_ENABLE_DEBUG_INFO = INCLUDE_SOURCE;
				MTL_FAST_MATH = YES;
				ONLY_ACTIVE_ARCH = YES;
				SDKROOT = iphoneos;
				SWIFT_ACTIVE_COMPILATION_CONDITIONS = DEBUG;
				SWIFT_OPTIMIZATION_LEVEL = "-Onone";
			};
			name = Debug;
		};
		B6DFE18D2719BA98005EA20C /* Release */ = {
			isa = XCBuildConfiguration;
			buildSettings = {
				ALWAYS_SEARCH_USER_PATHS = NO;
				CLANG_ANALYZER_NONNULL = YES;
				CLANG_ANALYZER_NUMBER_OBJECT_CONVERSION = YES_AGGRESSIVE;
				CLANG_CXX_LANGUAGE_STANDARD = "gnu++14";
				CLANG_CXX_LIBRARY = "libc++";
				CLANG_ENABLE_MODULES = YES;
				CLANG_ENABLE_OBJC_ARC = YES;
				CLANG_ENABLE_OBJC_WEAK = YES;
				CLANG_WARN_BLOCK_CAPTURE_AUTORELEASING = YES;
				CLANG_WARN_BOOL_CONVERSION = YES;
				CLANG_WARN_COMMA = YES;
				CLANG_WARN_CONSTANT_CONVERSION = YES;
				CLANG_WARN_DEPRECATED_OBJC_IMPLEMENTATIONS = YES;
				CLANG_WARN_DIRECT_OBJC_ISA_USAGE = YES_ERROR;
				CLANG_WARN_DOCUMENTATION_COMMENTS = YES;
				CLANG_WARN_EMPTY_BODY = YES;
				CLANG_WARN_ENUM_CONVERSION = YES;
				CLANG_WARN_INFINITE_RECURSION = YES;
				CLANG_WARN_INT_CONVERSION = YES;
				CLANG_WARN_NON_LITERAL_NULL_CONVERSION = YES;
				CLANG_WARN_OBJC_IMPLICIT_RETAIN_SELF = YES;
				CLANG_WARN_OBJC_LITERAL_CONVERSION = YES;
				CLANG_WARN_OBJC_ROOT_CLASS = YES_ERROR;
				CLANG_WARN_QUOTED_INCLUDE_IN_FRAMEWORK_HEADER = YES;
				CLANG_WARN_RANGE_LOOP_ANALYSIS = YES;
				CLANG_WARN_STRICT_PROTOTYPES = YES;
				CLANG_WARN_SUSPICIOUS_MOVE = YES;
				CLANG_WARN_UNGUARDED_AVAILABILITY = YES_AGGRESSIVE;
				CLANG_WARN_UNREACHABLE_CODE = YES;
				CLANG_WARN__DUPLICATE_METHOD_MATCH = YES;
				COPY_PHASE_STRIP = NO;
				DEBUG_INFORMATION_FORMAT = "dwarf-with-dsym";
				ENABLE_NS_ASSERTIONS = NO;
				ENABLE_STRICT_OBJC_MSGSEND = YES;
				GCC_C_LANGUAGE_STANDARD = gnu11;
				GCC_NO_COMMON_BLOCKS = YES;
				GCC_WARN_64_TO_32_BIT_CONVERSION = YES;
				GCC_WARN_ABOUT_RETURN_TYPE = YES_ERROR;
				GCC_WARN_UNDECLARED_SELECTOR = YES;
				GCC_WARN_UNINITIALIZED_AUTOS = YES_AGGRESSIVE;
				GCC_WARN_UNUSED_FUNCTION = YES;
				GCC_WARN_UNUSED_VARIABLE = YES;
				IPHONEOS_DEPLOYMENT_TARGET = 14.4;
				MTL_ENABLE_DEBUG_INFO = NO;
				MTL_FAST_MATH = YES;
				SDKROOT = iphoneos;
				SWIFT_COMPILATION_MODE = wholemodule;
				SWIFT_OPTIMIZATION_LEVEL = "-O";
				VALIDATE_PRODUCT = YES;
			};
			name = Release;
		};
		B6DFE18F2719BA98005EA20C /* Debug */ = {
			isa = XCBuildConfiguration;
			buildSettings = {
				ASSETCATALOG_COMPILER_APPICON_NAME = AppIcon;
				ASSETCATALOG_COMPILER_GLOBAL_ACCENT_COLOR_NAME = AccentColor;
				CODE_SIGN_STYLE = Automatic;
				DEVELOPMENT_ASSET_PATHS = "\"JobWellDone/Preview Content\"";
				DEVELOPMENT_TEAM = 48T67P83XX;
				ENABLE_PREVIEWS = YES;
				INFOPLIST_FILE = JobWellDone/Info.plist;
				IPHONEOS_DEPLOYMENT_TARGET = 14.0;
				LD_RUNPATH_SEARCH_PATHS = (
					"$(inherited)",
					"@executable_path/Frameworks",
				);
				PRODUCT_BUNDLE_IDENTIFIER = com.radhika.JobWellDone;
				PRODUCT_NAME = "$(TARGET_NAME)";
				SWIFT_VERSION = 5.0;
				TARGETED_DEVICE_FAMILY = "1,2";
			};
			name = Debug;
		};
		B6DFE1902719BA98005EA20C /* Release */ = {
			isa = XCBuildConfiguration;
			buildSettings = {
				ASSETCATALOG_COMPILER_APPICON_NAME = AppIcon;
				ASSETCATALOG_COMPILER_GLOBAL_ACCENT_COLOR_NAME = AccentColor;
				CODE_SIGN_STYLE = Automatic;
				DEVELOPMENT_ASSET_PATHS = "\"JobWellDone/Preview Content\"";
				DEVELOPMENT_TEAM = 48T67P83XX;
				ENABLE_PREVIEWS = YES;
				INFOPLIST_FILE = JobWellDone/Info.plist;
				IPHONEOS_DEPLOYMENT_TARGET = 14.0;
				LD_RUNPATH_SEARCH_PATHS = (
					"$(inherited)",
					"@executable_path/Frameworks",
				);
				PRODUCT_BUNDLE_IDENTIFIER = com.radhika.JobWellDone;
				PRODUCT_NAME = "$(TARGET_NAME)";
				SWIFT_VERSION = 5.0;
				TARGETED_DEVICE_FAMILY = "1,2";
			};
			name = Release;
		};
/* End XCBuildConfiguration section */

/* Begin XCConfigurationList section */
		B6DFE17A2719BA8A005EA20C /* Build configuration list for PBXProject "JobWellDone" */ = {
			isa = XCConfigurationList;
			buildConfigurations = (
				B6DFE18C2719BA98005EA20C /* Debug */,
				B6DFE18D2719BA98005EA20C /* Release */,
			);
			defaultConfigurationIsVisible = 0;
			defaultConfigurationName = Release;
		};
		B6DFE18E2719BA98005EA20C /* Build configuration list for PBXNativeTarget "JobWellDone" */ = {
			isa = XCConfigurationList;
			buildConfigurations = (
				B6DFE18F2719BA98005EA20C /* Debug */,
				B6DFE1902719BA98005EA20C /* Release */,
			);
			defaultConfigurationIsVisible = 0;
			defaultConfigurationName = Release;
		};
/* End XCConfigurationList section */
	};
	rootObject = B6DFE1772719BA8A005EA20C /* Project object */;
}
